# This file may be used to create an environment using:
# $ conda create --name <env> --file <this file>
# platform: linux-64
@EXPLICIT
https://conda.anaconda.org/conda-forge/linux-64/_libgcc_mutex-0.1-conda_forge.tar.bz2#d7c89558ba9fa0495403155b64376d81
https://conda.anaconda.org/conda-forge/linux-64/libgomp-15.2.0-he0feb66_12.conda#4881b9b732ee8b673cd46875d7d36fc6
https://conda.anaconda.org/conda-forge/linux-64/_openmp_mutex-4.5-2_gnu.tar.bz2#73aaf86a425cc6e73fcf236a5a46396d
https://conda.anaconda.org/conda-forge/noarch/_x86_64-microarch-level-3-3_x86_64_v3.conda#71b564babd2acba41fee541e5912b125
https://conda.anaconda.org/conda-forge/linux-64/libgcc-15.2.0-he0feb66_12.conda#b3137606149c607becd89faed5ee4ec6
https://conda.anaconda.org/conda-forge/linux-64/alsa-lib-1.2.14-hb9d3cd8_0.conda#76df83c2a9035c54df5d04ff81bcc02d
https://conda.anaconda.org/conda-forge/linux-64/libstdcxx-15.2.0-h934c35e_12.conda#b8ef46cab65ab6676c7d5c9581b17ebf
https://conda.anaconda.org/conda-forge/linux-64/ampl-asl-1.0.0-h5888daf_2.conda#ef757816a8f0fee2650b6c7e19980b6b
https://conda.anaconda.org/conda-forge/linux-64/libgcc-ng-15.2.0-h69a702a_12.conda#3c4b621138fcfc95ba219344b8a0d91f
https://conda.anaconda.org/conda-forge/linux-64/libstdcxx-ng-15.2.0-hdf11a46_12.conda#ac15e685fa88f7d070b60b396dd91017
https://conda.anaconda.org/conda-forge/linux-64/aom-3.9.1-hac33072_0.conda#346722a0be40f6edc53f12640d301338
https://conda.anaconda.org/conda-forge/linux-64/bzip2-1.0.8-hda65f42_8.conda#51a19bba1b8ebfb60df25cde030b7ebc
https://conda.anaconda.org/conda-forge/linux-64/icu-75.1-he02047a_0.conda#8b189310083baabfb622af68fd9d3ae3
https://conda.anaconda.org/conda-forge/linux-64/liblzma-5.8.1-hb9d3cd8_2.conda#1a580f7796c7bf6393fddb8bbbde58dc
https://conda.anaconda.org/conda-forge/linux-64/libzlib-1.3.1-hb9d3cd8_2.conda#edb0dca6bc32e4f4789199455a1dbeb8
https://conda.anaconda.org/conda-forge/linux-64/zstd-1.5.7-hb8e6e7a_2.conda#6432cb5d4ac0046c3ac0a8a0f95842f9
https://conda.anaconda.org/conda-forge/linux-64/libboost-1.88.0-hed09d94_1.conda#a8755608e921f8ec265eb63c4eab3a54
https://conda.anaconda.org/conda-forge/linux-64/zlib-1.3.1-hb9d3cd8_2.conda#c9f075ab2f33b3bbee9e62d4ad0a6cd8
https://conda.anaconda.org/conda-forge/linux-64/assimp-5.4.3-hecf2907_1.conda#649115e82c2a9620fcf0d3a846ee365f
https://conda.anaconda.org/conda-forge/linux-64/ld_impl_linux-64-2.45-default_hbd61a6d_104.conda#a6abd2796fc332536735f68ba23f7901
https://conda.anaconda.org/conda-forge/linux-64/libexpat-2.7.3-hecca717_0.conda#8b09ae86839581147ef2e5c5e229d164
https://conda.anaconda.org/conda-forge/linux-64/libffi-3.5.2-h9ec8514_0.conda#35f29eec58405aaf55e01cb470d8c26a
https://conda.anaconda.org/conda-forge/linux-64/libnsl-2.0.1-hb9d3cd8_1.conda#d864d34357c3b65a4b731f78c0801dc4
https://conda.anaconda.org/conda-forge/linux-64/libsqlite-3.51.0-hee844dc_0.conda#729a572a3ebb8c43933b30edcc628ceb
https://conda.anaconda.org/conda-forge/linux-64/libuuid-2.41.2-he9a06e4_0.conda#80c07c68d2f6870250959dcc95b209d1
https://conda.anaconda.org/conda-forge/linux-64/libxcrypt-4.4.36-hd590300_1.conda#5aa797f8787fe7a17d1b0821485b5adc
https://conda.anaconda.org/conda-forge/linux-64/ncurses-6.5-h2d0b736_3.conda#47e340acb35de30501a76c7c799c41d7
https://conda.anaconda.org/conda-forge/noarch/ca-certificates-2025.11.12-hbd8a1cb_0.conda#f0991f0f84902f6b6009b4d2350a83aa
https://conda.anaconda.org/conda-forge/linux-64/openssl-3.6.0-h26f9b46_0.conda#9ee58d5c534af06558933af3c845a780
https://conda.anaconda.org/conda-forge/linux-64/readline-8.2-h8c095d6_2.conda#283b96675859b20a825f8fa30f311446
https://conda.anaconda.org/conda-forge/linux-64/tk-8.6.13-noxft_ha0e22de_103.conda#86bc20552bf46075e3d92b67f089172d
https://conda.anaconda.org/conda-forge/noarch/tzdata-2025b-h78e105d_0.conda#4222072737ccff51314b5ece9c7d6f5a
https://conda.anaconda.org/conda-forge/linux-64/python-3.9.23-hc30ae73_0_cpython.conda#624ab0484356d86a54297919352d52b6
https://conda.anaconda.org/conda-forge/noarch/asttokens-3.0.0-pyhd8ed1ab_1.conda#8f587de4bcf981e26228f268df374a9b
https://conda.anaconda.org/conda-forge/linux-64/attr-2.5.2-h39aace5_0.conda#791365c5f65975051e4e017b5da3abf5
https://conda.anaconda.org/conda-forge/linux-64/libbrotlicommon-1.2.0-hb03c661_1.conda#72c8fd1af66bd67bf580645b426513ed
https://conda.anaconda.org/conda-forge/linux-64/libbrotlidec-1.2.0-hb03c661_1.conda#366b40a69f0ad6072561c1d09301c886
https://conda.anaconda.org/conda-forge/linux-64/libbrotlienc-1.2.0-hb03c661_1.conda#4ffbb341c8b616aa2494b6afb26a0c5f
https://conda.anaconda.org/conda-forge/linux-64/brotli-bin-1.2.0-hb03c661_1.conda#af39b9a8711d4a8d437b52c1d78eb6a1
https://conda.anaconda.org/conda-forge/linux-64/brotli-1.2.0-hed03a55_1.conda#8ccf913aaba749a5496c17629d859ed1
https://conda.anaconda.org/conda-forge/linux-64/c-ares-1.34.5-hb9d3cd8_0.conda#f7f0d6cc2dc986d42ac2689ec88192be
https://conda.anaconda.org/conda-forge/linux-64/libpng-1.6.51-h421ea60_0.conda#d8b81203d08435eb999baa249427884e
https://conda.anaconda.org/conda-forge/linux-64/libfreetype6-2.14.1-h73754d4_0.conda#8e7251989bca326a28f4a5ffbd74557a
https://conda.anaconda.org/conda-forge/linux-64/libfreetype-2.14.1-ha770c72_0.conda#f4084e4e6577797150f9b04a4560ceb0
https://conda.anaconda.org/conda-forge/linux-64/freetype-2.14.1-ha770c72_0.conda#4afc585cd97ba8a23809406cd8a9eda8
https://conda.anaconda.org/conda-forge/linux-64/fontconfig-2.15.0-h7e30c49_1.conda#8f5b0b297b59e1ac160ad4beec99dbee
https://conda.anaconda.org/conda-forge/noarch/font-ttf-dejavu-sans-mono-2.37-hab24e00_0.tar.bz2#0c96522c6bdaed4b1566d11387caaf45
https://conda.anaconda.org/conda-forge/noarch/font-ttf-inconsolata-3.000-h77eed37_0.tar.bz2#34893075a5c9e55cdafac56607368fc6
https://conda.anaconda.org/conda-forge/noarch/font-ttf-source-code-pro-2.038-h77eed37_0.tar.bz2#4d59c254e01d9cde7957100457e2d5fb
https://conda.anaconda.org/conda-forge/noarch/font-ttf-ubuntu-0.83-h77eed37_3.conda#49023d73832ef61042f6a237cb2687e7
https://conda.anaconda.org/conda-forge/noarch/fonts-conda-forge-1-hc364b38_1.conda#a7970cd949a077b7cb9696379d338681
https://conda.anaconda.org/conda-forge/noarch/fonts-conda-ecosystem-1-0.tar.bz2#fee5683a3f04bd15cbd8318b096a27ab
https://conda.anaconda.org/conda-forge/linux-64/libiconv-1.18-h3b78370_2.conda#915f5995e94f60e9a4826e0b0920ee88
https://conda.anaconda.org/conda-forge/linux-64/pcre2-10.44-hc749103_2.conda#31614c73d7b103ef76faa4d83d261d34
https://conda.anaconda.org/conda-forge/linux-64/libglib-2.84.0-h2ff4ddf_0.conda#40cdeafb789a5513415f7bdbef053cf5
https://conda.anaconda.org/conda-forge/linux-64/pthread-stubs-0.4-hb9d3cd8_1002.conda#b3c17d95b5a10c6e64a21fa17573e70e
https://conda.anaconda.org/conda-forge/linux-64/xorg-libxau-1.0.12-hb03c661_1.conda#b2895afaf55bf96a8c8282a2e47a5de0
https://conda.anaconda.org/conda-forge/linux-64/xorg-libxdmcp-1.1.5-hb03c661_1.conda#1dafce8548e38671bea82e3f5c6ce22f
https://conda.anaconda.org/conda-forge/linux-64/libxcb-1.17.0-h8a09558_0.conda#92ed62436b625154323d40d5f2f11dd7
https://conda.anaconda.org/conda-forge/linux-64/pixman-0.46.4-h54a6638_1.conda#c01af13bdc553d1a8fbfff6e8db075f0
https://conda.anaconda.org/conda-forge/linux-64/xorg-libice-1.1.2-hb9d3cd8_0.conda#fb901ff28063514abb6046c9ec2c4a45
https://conda.anaconda.org/conda-forge/linux-64/xorg-libsm-1.2.6-he73a12e_0.conda#1c74ff8c35dcadf952a16f752ca5aa49
https://conda.anaconda.org/conda-forge/linux-64/xorg-libx11-1.8.12-h4f16b4b_0.conda#db038ce880f100acc74dba10302b5630
https://conda.anaconda.org/conda-forge/linux-64/xorg-libxext-1.3.6-hb9d3cd8_0.conda#febbab7d15033c913d53c7a2c102309d
https://conda.anaconda.org/conda-forge/linux-64/xorg-libxrender-0.9.12-hb9d3cd8_0.conda#96d57aba173e878a2089d5638016dc5e
https://conda.anaconda.org/conda-forge/linux-64/cairo-1.18.4-h3394656_0.conda#09262e66b19567aff4f592fb53b28760
https://conda.anaconda.org/conda-forge/linux-64/libgfortran5-15.2.0-h68bc16d_12.conda#3df163304a1e1f6796b6d1d28ed9bdd3
https://conda.anaconda.org/conda-forge/linux-64/libgfortran-15.2.0-h69a702a_12.conda#0ac333def43feadebcfbdb73b6098c03
https://conda.anaconda.org/conda-forge/linux-64/libopenblas-0.3.30-pthreads_h94d23a6_4.conda#be43915efc66345cccb3c310b6ed0374
https://conda.anaconda.org/conda-forge/linux-64/libblas-3.11.0-2_h4a7cf45_openblas.conda#6146bf1b7f58113d54614c6ec683c14a
https://conda.anaconda.org/conda-forge/linux-64/liblapack-3.11.0-2_h47877c9_openblas.conda#9fb20e74a7436dc94dd39d9a9decddc3
https://conda.anaconda.org/conda-forge/linux-64/libcblas-3.11.0-2_h0358290_openblas.conda#a84b2b7ed34206d14739fb8d29cd2799
https://conda.anaconda.org/conda-forge/linux-64/libxml2-2.13.9-h04c0eec_0.conda#35eeb0a2add53b1e50218ed230fa6a02
https://conda.anaconda.org/conda-forge/linux-64/libhwloc-2.12.1-default_h3d81e11_1000.conda#d821210ab60be56dd27b5525ed18366d
https://conda.anaconda.org/conda-forge/linux-64/metis-5.1.0-hd0bcaf9_1007.conda#28eb714416de4eb83e2cbc47e99a1b45
https://conda.anaconda.org/conda-forge/linux-64/libspral-2025.05.20-hfabd9d1_1.conda#9f54808199531c466b437215d8dd5c29
https://conda.anaconda.org/conda-forge/linux-64/libgfortran-ng-15.2.0-h69a702a_12.conda#c2444287b16b7155871405607c149c7a
https://conda.anaconda.org/conda-forge/linux-64/liblzma-devel-5.8.1-hb9d3cd8_2.conda#f61edadbb301530bd65a32646bd81552
https://conda.anaconda.org/conda-forge/linux-64/xz-gpl-tools-5.8.1-hbcc6ac9_2.conda#bf627c16aa26231720af037a2709ab09
https://conda.anaconda.org/conda-forge/linux-64/xz-tools-5.8.1-hb9d3cd8_2.conda#1bad2995c8f1c8075c6c331bf96e46fb
https://conda.anaconda.org/conda-forge/linux-64/xz-5.8.1-hbcc6ac9_2.conda#68eae977d7d1196d32b636a026dc015d
https://conda.anaconda.org/conda-forge/linux-64/libscotch-7.0.4-h2fe6a88_5.conda#dd1e1c54432494476d66c679014c675c
https://conda.anaconda.org/conda-forge/linux-64/mumps-include-5.7.3-h82cca05_10.conda#d6c7d8811686ed912ed4317831dd8c44
https://conda.anaconda.org/conda-forge/linux-64/mumps-seq-5.7.3-h27a6a8b_0.conda#d524b41c7757ea147337039fa4158fbb
https://conda.anaconda.org/conda-forge/linux-64/ipopt-3.14.19-h0804adb_0.conda#0a2ef4d1be0625a06d74b08829d4ef1f
https://conda.anaconda.org/conda-forge/linux-64/libblasfeo-0.1.4.2-had105d5_300.conda#53cfda5715e843b60976dd8144766b24
https://conda.anaconda.org/conda-forge/linux-64/libfatrop-0.0.4-h5888daf_1.conda#49137803a38a0ae22ad0289728a15a2c
https://conda.anaconda.org/conda-forge/linux-64/libqdldl-0.1.8-h3f2d84a_1.conda#3459f613a2c36a161d0cee2f38bfd9d6
https://conda.anaconda.org/conda-forge/linux-64/libosqp-1.0.0-np2py312h1a77e3e_2.conda#c4396a2e825d384f18244dd34661248f
https://conda.anaconda.org/conda-forge/noarch/python_abi-3.9-8_cp39.conda#c2f0c4bf417925c27b62ab50264baa98
https://conda.anaconda.org/conda-forge/linux-64/numpy-1.26.4-py39h474f0d3_0.conda#aa265f5697237aa13cc10f53fa8acc4f
https://conda.anaconda.org/conda-forge/linux-64/tinyxml2-11.0.0-h3f2d84a_0.conda#aeb0b91014ac8c5d468e32b7a5ce8ac2
https://conda.anaconda.org/conda-forge/linux-64/casadi-3.7.0-py39hfa75d24_4.conda#1f4557e2f36b3495a869570630d9e80c
https://conda.anaconda.org/conda-forge/noarch/certifi-2025.8.3-pyhd8ed1ab_0.conda#11f59985f49df4620890f3e746ed7102
https://conda.anaconda.org/conda-forge/linux-64/cli11-2.6.0-h54a6638_0.conda#ddf9fed4661bace13f33f08fe38a5f45
https://conda.anaconda.org/conda-forge/noarch/cmaes-0.12.0-pyhd8ed1ab_0.conda#b449760728eed45733310eeedf7f0e56
https://conda.anaconda.org/conda-forge/linux-64/eigen-3.4.0-h171cf75_1.conda#ea2db216eae84bc83b0b2961f38f5c0d
https://conda.anaconda.org/conda-forge/linux-64/libboost-python-1.88.0-py39h040329f_1.conda#3fba1f5b3dca0c69c86f1315ebcbaeb2
https://conda.anaconda.org/conda-forge/linux-64/libboost-headers-1.88.0-ha770c72_1.conda#f4904e9af33091a14c966b6b8f6ac1b8
https://conda.anaconda.org/conda-forge/linux-64/libboost-devel-1.88.0-hfcd1e18_1.conda#28d09c69e988367e88c6eeece349961a
https://conda.anaconda.org/conda-forge/linux-64/libboost-python-devel-1.88.0-py39hf0d4527_1.conda#fa15aa5bc16d4caf0eba8c75f435cff4
https://conda.anaconda.org/conda-forge/linux-64/scipy-1.13.1-py39haf93ffa_0.conda#492a2cd65862d16a4aaf535ae9ccb761
https://conda.anaconda.org/conda-forge/linux-64/eigenpy-3.11.0-np2py39h211f520_1.conda#7eea9fc1956a87c3067026f7496b5e66
https://conda.anaconda.org/conda-forge/linux-64/octomap-1.10.0-h84d6215_0.conda#0dfda663c7d58e8c35c96239ed57c16f
https://conda.anaconda.org/conda-forge/linux-64/qhull-2020.2-h434a139_5.conda#353823361b1d27eb3960efb076dfcaf6
https://conda.anaconda.org/conda-forge/linux-64/qhull-static-2020.2-h434a139_5.conda#0556a8e4d1b88edbf12969718634f3da
https://conda.anaconda.org/conda-forge/linux-64/libcoal-3.0.1-h969b668_3.conda#0ef4d3ae85dd5f56cc945157527c4d71
https://conda.anaconda.org/conda-forge/linux-64/coal-python-3.0.1-py39h6bc7560_3.conda#c9b8332a8bea086b59cd13b37c3e796a
https://conda.anaconda.org/conda-forge/linux-64/coal-3.0.1-hf3d152e_3.conda#eba426a260e678ba9a6ba472a319662e
https://conda.anaconda.org/conda-forge/noarch/colorama-0.4.6-pyhd8ed1ab_1.conda#962b9857ee8e7018c22f2776ffa0b2d7
https://conda.anaconda.org/conda-forge/linux-64/console_bridge-1.0.2-h924138e_1.tar.bz2#e891b2b856a57d2b2ddb9ed366e3f2ce
https://conda.anaconda.org/conda-forge/linux-64/contourpy-1.3.0-py39h74842e3_2.conda#5645190ef7f6d3aebee71e298dc9677b
https://conda.anaconda.org/conda-forge/noarch/cycler-0.12.1-pyhd8ed1ab_1.conda#44600c4667a319d67dbe0681fc0bc833
https://conda.anaconda.org/conda-forge/linux-64/keyutils-1.6.3-hb9d3cd8_0.conda#b38117a3c920364aff79f870c984b4a3
https://conda.anaconda.org/conda-forge/linux-64/libedit-3.1.20250104-pl5321h7949ede_0.conda#c277e0a4d549b03ac1e9d6cbbe3d017b
https://conda.anaconda.org/conda-forge/linux-64/krb5-1.21.3-h659f571_0.conda#3f43953b7d3fb3aaa1d0d0723d91e368
https://conda.anaconda.org/conda-forge/linux-64/libntlm-1.8-hb9d3cd8_0.conda#7c7927b404672409d9917d49bff5f2d6
https://conda.anaconda.org/conda-forge/linux-64/cyrus-sasl-2.1.28-hd9c7081_0.conda#cae723309a49399d2949362f4ab5c9e4
https://conda.anaconda.org/conda-forge/linux-64/daqp-0.7.1-py39h8cd3c5a_0.conda#3be12792bc0a7b771b7b51383803ba9e
https://conda.anaconda.org/conda-forge/noarch/dataclasses-0.8-pyhc8e2a94_3.tar.bz2#a362b2124b06aad102e2ee4581acee7d
https://conda.anaconda.org/conda-forge/linux-64/dav1d-1.2.1-hd590300_0.conda#418c6ca5929a611cbd69204907a83995
https://conda.anaconda.org/conda-forge/linux-64/expat-2.7.3-hecca717_0.conda#c81f6fa1865526f5ab1e6b669b3ee877
https://conda.anaconda.org/conda-forge/linux-64/dbus-1.13.6-h5008d03_3.tar.bz2#ecfff944ba3960ecb334b9a2663d708d
https://conda.anaconda.org/conda-forge/noarch/decorator-5.2.1-pyhd8ed1ab_0.conda#9ce473d1d1be1cc3810856a48b3fab32
https://conda.anaconda.org/conda-forge/linux-64/double-conversion-3.3.1-h5888daf_0.conda#bfd56492d8346d669010eccafe0ba058
https://conda.anaconda.org/conda-forge/linux-64/lz4-c-1.9.4-hcb278e6_0.conda#318b08df404f9c9be5712aaa5a6f0bb0
https://conda.anaconda.org/conda-forge/linux-64/lzo-2.10-h280c20c_1002.conda#45161d96307e3a447cc3eb5896cf6f8c
https://conda.anaconda.org/conda-forge/linux-64/libarchive-3.6.2-h039dbb9_1.conda#29cf970521d30d113f3425b84cb250f6
https://conda.anaconda.org/conda-forge/linux-64/libev-4.33-hd590300_2.conda#172bf1cd1ff8629f2b1179945ed45055
https://conda.anaconda.org/conda-forge/linux-64/libnghttp2-1.67.0-had1ee68_0.conda#b499ce4b026493a13774bcf0f4c33849
https://conda.anaconda.org/conda-forge/linux-64/libssh2-1.11.1-hcf80075_0.conda#eecce068c7e4eddeb169591baac20ac4
https://conda.anaconda.org/conda-forge/linux-64/libcurl-8.17.0-h4e3cde8_0.conda#01e149d4a53185622dc2e788281961f2
https://conda.anaconda.org/conda-forge/linux-64/libunistring-0.9.10-h7f98852_0.tar.bz2#7245a044b4a1980ed83196176b78b73a
https://conda.anaconda.org/conda-forge/linux-64/libidn2-2.3.8-hfac485b_1.conda#842a81de672ddcf476337c8bde3cad33
https://conda.anaconda.org/conda-forge/linux-64/libtasn1-4.20.0-hb03c661_1.conda#9ab030c2a729d349dd6fb20dabcdb9c5
https://conda.anaconda.org/conda-forge/linux-64/nettle-3.8.1-hc379101_1.tar.bz2#3cb2c7df59990bd37c2ce27fd906de68
https://conda.anaconda.org/conda-forge/linux-64/gnutls-3.7.6-he274497_3.tar.bz2#0e426f0757c1b486ed2269f65f65a70b
https://conda.anaconda.org/conda-forge/linux-64/libmicrohttpd-0.9.75-h2603550_1.tar.bz2#78ff89df42ec0d4fe4355490d7843d9b
https://conda.anaconda.org/conda-forge/linux-64/elfutils-0.189-hde5d1a3_0.conda#2b46dbc6f544bed57b61610266c01d0a
https://conda.anaconda.org/conda-forge/noarch/hpp-fcl-3.0.1-pyhd3e5650_1.conda#f486a5d1042a80587295c72e73f77515
https://conda.anaconda.org/conda-forge/linux-64/libgz-cmake3-3.5.5-h54a6638_0.conda#046a934130154ef383da67712d179235
https://conda.anaconda.org/conda-forge/linux-64/libgz-cmake4-4.2.0-h54a6638_1.conda#c6600ee72e2cadd45348bc7b99e8f736
https://conda.anaconda.org/conda-forge/linux-64/libgz-utils2-2.2.1-h54a6638_1.conda#caa0101c91c9fda4d7f438204f6c3eab
https://conda.anaconda.org/conda-forge/linux-64/libgz-math7-7.5.2-h54a6638_2.conda#27dd93bf04ea4699afedf5ec38758c55
https://conda.anaconda.org/conda-forge/linux-64/gdbm-1.18-h0a1914f_2.tar.bz2#b77bc399b07a19c00fe12fdc95ee0297
https://conda.anaconda.org/conda-forge/linux-64/gmp-6.3.0-hac33072_2.conda#c94a5994ef49749880a8139cf9afcbe1
https://conda.anaconda.org/conda-forge/linux-64/yaml-0.2.5-h280c20c_3.conda#a77f85f77be52ff59391544bfe73390a
https://conda.anaconda.org/conda-forge/linux-64/ruby-3.4.7-h498564d_1.conda#d0e9c84d28b9e41cd045eebfa81e1878
https://conda.anaconda.org/conda-forge/linux-64/libgz-tools-2.0.3-h54a6638_1.conda#94785d73f138a7e56359e0535179953a
https://conda.anaconda.org/conda-forge/linux-64/urdfdom_headers-1.1.2-h84d6215_0.conda#4872efb515124284f8cee0f957f3edce
https://conda.anaconda.org/conda-forge/linux-64/urdfdom-4.0.1-hae71d53_3.conda#a7830d1b7ade9d3f8c35191084fe7022
https://conda.anaconda.org/conda-forge/linux-64/libsdformat14-14.8.0-py310hde68ca4_2.conda#7ebbfd7b81e8b6ea36598e46ea90c123
https://conda.anaconda.org/conda-forge/linux-64/pinocchio-3.7.0-py39h98ca88a_1.conda#3a70f483edfe7d94a8196bcdbaaea8b0
https://conda.anaconda.org/conda-forge/noarch/example-robot-data-4.3.0-pyh6b898a9_1.conda#65922698d44bd5a7624727948fbc7b6f
https://conda.anaconda.org/conda-forge/noarch/typing_extensions-4.14.1-pyhe01879c_0.conda#e523f4f1e980ed7a4240d7e27e9ec81f
https://conda.anaconda.org/conda-forge/noarch/exceptiongroup-1.3.0-pyhd8ed1ab_0.conda#72e42d28960d875c7654614f8b50939a
https://conda.anaconda.org/conda-forge/noarch/executing-2.2.0-pyhd8ed1ab_0.conda#81d30c08f9a3e556e8ca9e124b044d14
https://conda.anaconda.org/conda-forge/linux-64/graphite2-1.3.14-hecca717_2.conda#2cd94587f3a401ae05e03a6caf09539d
https://conda.anaconda.org/conda-forge/linux-64/harfbuzz-11.0.0-h76408a6_0.conda#347cb348bfc8d77062daee11c326e518
https://conda.anaconda.org/conda-forge/linux-64/lame-3.100-h166bdaf_1003.tar.bz2#a8832b479f93521a9e7b5b743803be51
https://conda.anaconda.org/conda-forge/linux-64/fribidi-1.0.16-hb03c661_0.conda#f9f81ea472684d75b9dd8d0b328cf655
https://conda.anaconda.org/conda-forge/linux-64/libass-0.17.3-h52826cd_2.conda#01de25a48490709850221135890e09eb
https://conda.anaconda.org/conda-forge/linux-64/pugixml-1.15-h3f63f65_0.conda#b11a4c6bf6f6f44e5e143f759ffa2087
https://conda.anaconda.org/conda-forge/linux-64/tbb-2022.3.0-h8d10470_1.conda#e3259be3341da4bc06c5b7a78c8bf1bd
https://conda.anaconda.org/conda-forge/linux-64/libopenvino-2025.0.0-hdc3f47d_3.conda#3a88245058baa9d18ef4ea6df18ff63e
https://conda.anaconda.org/conda-forge/linux-64/libopenvino-auto-batch-plugin-2025.0.0-h4d9b6c2_3.conda#2e349bafc75b212879bf70ef80e0d08c
https://conda.anaconda.org/conda-forge/linux-64/libopenvino-auto-plugin-2025.0.0-h4d9b6c2_3.conda#74d074a3ac7af3378e16bfa6ff9cba30
https://conda.anaconda.org/conda-forge/linux-64/libopenvino-hetero-plugin-2025.0.0-h981d57b_3.conda#21f7997d68220d7356c1f80dc500bfad
https://conda.anaconda.org/conda-forge/linux-64/libopenvino-intel-cpu-plugin-2025.0.0-hdc3f47d_3.conda#3385f38d15c7aebcc3b453e4d8dfb0fe
https://conda.anaconda.org/conda-forge/linux-64/opencl-headers-2025.06.13-h5888daf_0.conda#45c3d2c224002d6d0d7769142b29f986
https://conda.anaconda.org/conda-forge/linux-64/ocl-icd-2.3.3-hb9d3cd8_0.conda#56f8947aa9d5cf37b0b3d43b83f34192
https://conda.anaconda.org/conda-forge/linux-64/libopenvino-intel-gpu-plugin-2025.0.0-hdc3f47d_3.conda#f2d50e234edd843d9d695f7da34c7e96
https://conda.anaconda.org/conda-forge/linux-64/level-zero-1.26.0-hb700be7_0.conda#114cd93e761af141d7f5fa5570048425
https://conda.anaconda.org/conda-forge/linux-64/libopenvino-intel-npu-plugin-2025.0.0-hdc3f47d_3.conda#f632cad865436394eebd41c3afa2cda3
https://conda.anaconda.org/conda-forge/linux-64/libopenvino-ir-frontend-2025.0.0-h981d57b_3.conda#94f25cc6fe70f507897abb8e61603023
https://conda.anaconda.org/conda-forge/linux-64/libabseil-20250127.1-cxx17_hbbce691_0.conda#00290e549c5c8a32cc271020acc9ec6b
https://conda.anaconda.org/conda-forge/linux-64/libprotobuf-5.29.3-h7460b1f_2.conda#25b96b519eb2ed19faeef1c12954e82b
https://conda.anaconda.org/conda-forge/linux-64/libopenvino-onnx-frontend-2025.0.0-h0e684df_3.conda#7cd3272c3171c1d43ed1c2b3d6795269
https://conda.anaconda.org/conda-forge/linux-64/libopenvino-paddle-frontend-2025.0.0-h0e684df_3.conda#5b66cbc9965b429922b8e69cd4e464d7
https://conda.anaconda.org/conda-forge/linux-64/libopenvino-pytorch-frontend-2025.0.0-h5888daf_3.conda#a6ece96eff7f60b2559ba699156b0edf
https://conda.anaconda.org/conda-forge/linux-64/snappy-1.2.2-h03e3b7b_1.conda#98b6c9dc80eb87b2519b97bcf7e578dd
https://conda.anaconda.org/conda-forge/linux-64/libopenvino-tensorflow-frontend-2025.0.0-h684f15b_3.conda#e1aeb108f4731db088782c8a20abf40a
https://conda.anaconda.org/conda-forge/linux-64/libopenvino-tensorflow-lite-frontend-2025.0.0-h5888daf_3.conda#a6fe9c25b834988ac88651aff731dd31
https://conda.anaconda.org/conda-forge/linux-64/libopus-1.5.2-hd0c01bc_0.conda#b64523fb87ac6f87f0790f324ad43046
https://conda.anaconda.org/conda-forge/linux-64/libjpeg-turbo-3.1.2-hb03c661_0.conda#8397539e3a0bbd1695584fb4f927485a
https://conda.anaconda.org/conda-forge/linux-64/lerc-4.0.0-h0aef613_1.conda#9344155d33912347b37f0ae6c410a835
https://conda.anaconda.org/conda-forge/linux-64/libdeflate-1.25-h17f619e_0.conda#6c77a605a7a689d17d4819c0f8ac9a00
https://conda.anaconda.org/conda-forge/linux-64/libwebp-base-1.6.0-hd42ef1d_0.conda#aea31d2e5b1091feca96fcfe945c3cf9
https://conda.anaconda.org/conda-forge/linux-64/libtiff-4.7.1-h9d88235_1.conda#cd5a90476766d53e901500df9215e927
https://conda.anaconda.org/conda-forge/linux-64/gdk-pixbuf-2.42.12-hb9ae30d_0.conda#201db6c2d9a3c5e46573ac4cb2e92f4f
https://conda.anaconda.org/conda-forge/linux-64/pango-1.56.3-h9ac818e_1.conda#21899b96828014270bd24fd266096612
https://conda.anaconda.org/conda-forge/linux-64/librsvg-2.58.4-he92a37e_3.conda#d27665b20bc4d074b86e628b3ba5ab8b
https://conda.anaconda.org/conda-forge/linux-64/libpciaccess-0.18-hb9d3cd8_0.conda#70e3400cbbfa03e96dcde7fc13e38c7b
https://conda.anaconda.org/conda-forge/linux-64/libdrm-2.4.125-hb03c661_1.conda#9314bc5a1fe7d1044dc9dfd3ef400535
https://conda.anaconda.org/conda-forge/linux-64/libglvnd-1.7.0-ha4b6fd6_2.conda#434ca7e50e40f4918ab701e3facd59a0
https://conda.anaconda.org/conda-forge/linux-64/libegl-1.7.0-ha4b6fd6_2.conda#c151d5eb730e9b7480e6d48c0fc44048
https://conda.anaconda.org/conda-forge/linux-64/libglx-1.7.0-ha4b6fd6_2.conda#c8013e438185f33b13814c5c488acd5c
https://conda.anaconda.org/conda-forge/linux-64/libgl-1.7.0-ha4b6fd6_2.conda#928b8be80851f5d8ffb016f9c81dae7a
https://conda.anaconda.org/conda-forge/linux-64/wayland-1.24.0-hd6090a7_1.conda#035da2e4f5770f036ff704fa17aace24
https://conda.anaconda.org/conda-forge/noarch/wayland-protocols-1.46-hd8ed1ab_0.conda#967e4d37eaad18d4add66aaa394d8de8
https://conda.anaconda.org/conda-forge/linux-64/xorg-libxfixes-6.0.2-hb03c661_0.conda#ba231da7fccf9ea1e768caf5c7099b84
https://conda.anaconda.org/conda-forge/linux-64/libva-2.22.0-h4f16b4b_2.conda#2c65566e79dc11318ce689c656fb551c
https://conda.anaconda.org/conda-forge/linux-64/libogg-1.3.5-hd0c01bc_1.conda#68e52064ed3897463c0e958ab5c8f91b
https://conda.anaconda.org/conda-forge/linux-64/libvorbis-1.3.7-h54a6638_2.conda#b4ecbefe517ed0157c37f8182768271c
https://conda.anaconda.org/conda-forge/linux-64/libvpx-1.14.1-hac33072_0.conda#cde393f461e0c169d9ffb2fc70f81c33
https://conda.anaconda.org/conda-forge/linux-64/openh264-2.6.0-hc22cd8d_0.conda#b28cf020fd2dead0ca6d113608683842
https://conda.anaconda.org/conda-forge/linux-64/gettext-tools-0.25.1-h3f43e3d_1.conda#a59c05d22bdcbb4e984bf0c021a2a02f
https://conda.anaconda.org/conda-forge/linux-64/libasprintf-0.25.1-h3f43e3d_1.conda#3b0d184bc9404516d418d4509e418bdc
https://conda.anaconda.org/conda-forge/linux-64/libasprintf-devel-0.25.1-h3f43e3d_1.conda#fd9cf4a11d07f0ef3e44fc061611b1ed
https://conda.anaconda.org/conda-forge/linux-64/libgettextpo-0.25.1-h3f43e3d_1.conda#2f4de899028319b27eb7a4023be5dfd2
https://conda.anaconda.org/conda-forge/linux-64/libgettextpo-devel-0.25.1-h3f43e3d_1.conda#3f7a43b3160ec0345c9535a9f0d7908e
https://conda.anaconda.org/conda-forge/linux-64/gettext-0.25.1-h3f43e3d_1.conda#c42356557d7f2e37676e121515417e3b
https://conda.anaconda.org/conda-forge/linux-64/libflac-1.4.3-h59595ed_0.conda#ee48bf17cc83a00f59ca1494d5646869
https://conda.anaconda.org/conda-forge/linux-64/mpg123-1.32.9-hc50e24c_0.conda#c7f302fd11eeb0987a6a5e1f3aed6a21
https://conda.anaconda.org/conda-forge/linux-64/libsndfile-1.2.2-hc60ed4a_1.conda#ef1910918dd895516a769ed36b5b3a4e
https://conda.anaconda.org/conda-forge/linux-64/libcap-2.77-h3ff7636_0.conda#09c264d40c67b82b49a3f3b89037bd2e
https://conda.anaconda.org/conda-forge/linux-64/libsystemd0-258.2-h6569c3e_1.conda#043daefca24d2cc7d97bc09decd8dd02
https://conda.anaconda.org/conda-forge/linux-64/pulseaudio-client-17.0-hac146a9_1.conda#66b1fa9608d8836e25f9919159adc9c6
https://conda.anaconda.org/conda-forge/linux-64/libudev1-258.2-h6569c3e_1.conda#afb3260c90cc0dbf1ae63c07f097c4ab
https://conda.anaconda.org/conda-forge/linux-64/libunwind-1.6.2-h9c3ff4c_0.tar.bz2#a730b2badd586580c5752cc73842e068
https://conda.anaconda.org/conda-forge/linux-64/liburing-2.9-h84d6215_0.conda#ecd409e7bfcf4ee73f74d7a2cc91a4c3
https://conda.anaconda.org/conda-forge/linux-64/libusb-1.0.29-h73b1eb8_0.conda#d17e3fb595a9f24fa9e149239a33475d
https://conda.anaconda.org/conda-forge/linux-64/xkeyboard-config-2.46-hb03c661_0.conda#71ae752a748962161b4740eaff510258
https://conda.anaconda.org/conda-forge/linux-64/libxkbcommon-1.11.0-he8b52b9_0.conda#74e91c36d0eef3557915c68b6c2bef96
https://conda.anaconda.org/conda-forge/linux-64/xorg-libxcursor-1.2.3-hb9d3cd8_0.conda#2ccd714aa2242315acaf0a67faea780b
https://conda.anaconda.org/conda-forge/linux-64/xorg-libxscrnsaver-1.2.4-hb9d3cd8_0.conda#303f7a0e9e0cd7d250bb6b952cecda90
https://conda.anaconda.org/conda-forge/linux-64/sdl3-3.2.14-he3e324a_0.conda#a750ab1e94750185033ea96eadfc925d
https://conda.anaconda.org/conda-forge/linux-64/sdl2-2.32.54-h3f2d84a_0.conda#91f8537d64c4d52cbbb2910e8bd61bd2
https://conda.anaconda.org/conda-forge/linux-64/svt-av1-3.0.2-h5888daf_0.conda#0096882bd623e6cc09e8bf920fc8fb47
https://conda.anaconda.org/conda-forge/linux-64/x264-1!164.3095-h166bdaf_2.tar.bz2#6c99772d483f566d59e25037fea2c4b1
https://conda.anaconda.org/conda-forge/linux-64/x265-3.5-h924138e_3.tar.bz2#e7f6ed84d4623d52ee581325c1587a6b
https://conda.anaconda.org/conda-forge/linux-64/ffmpeg-7.1.1-gpl_h0b79d52_704.conda#b0cb34bcec7bb0e6f173579088fa1316
https://conda.anaconda.org/conda-forge/noarch/munkres-1.1.4-pyhd8ed1ab_1.conda#37293a85a0f4f77bbd9cf7aaefc62609
https://conda.anaconda.org/conda-forge/linux-64/unicodedata2-16.0.0-py39h8cd3c5a_0.conda#2011fcaddafa077f4f0313361f4c2731
https://conda.anaconda.org/conda-forge/linux-64/fonttools-4.59.1-py39heb7d2ae_0.conda#93d184020f519fe0d32715cb14b8ff50
https://conda.anaconda.org/conda-forge/noarch/freetype-py-2.5.1-pyhd8ed1ab_1.conda#de9044466b9b7c3d13565b402a499b82
https://conda.anaconda.org/conda-forge/linux-64/lcms2-2.17-h717163a_0.conda#000e85703f0fd9594c81710dd5066471
https://conda.anaconda.org/conda-forge/linux-64/openjpeg-2.5.4-h55fea9a_0.conda#11b3379b191f63139e29c0d19dee24cd
https://conda.anaconda.org/conda-forge/linux-64/pillow-11.3.0-py39h15c0740_0.conda#fc3c6b96b4b6f9b1d315f59a4320fd33
https://conda.anaconda.org/conda-forge/noarch/imageio-2.37.0-pyhfb79c49_0.conda#b5577bc2212219566578fd5af9993af6
https://conda.anaconda.org/conda-forge/noarch/zipp-3.23.0-pyhd8ed1ab_0.conda#df5e78d904988eb55042c0c97446079f
https://conda.anaconda.org/conda-forge/noarch/importlib_resources-6.5.2-pyhd8ed1ab_0.conda#c85c76dc67d75619a92f51dfbce06992
https://conda.anaconda.org/conda-forge/noarch/importlib-resources-6.5.2-pyhd8ed1ab_0.conda#e376ea42e9ae40f3278b0f79c9bf9826
https://conda.anaconda.org/conda-forge/noarch/parso-0.8.4-pyhd8ed1ab_1.conda#5c092057b6badd30f75b06244ecd01c9
https://conda.anaconda.org/conda-forge/noarch/jedi-0.19.2-pyhd8ed1ab_1.conda#a4f4c5dc9b80bc50e0d3dc4e6e8f1bd9
https://conda.anaconda.org/conda-forge/noarch/traitlets-5.14.3-pyhd8ed1ab_1.conda#019a7385be9af33791c989871317e1ed
https://conda.anaconda.org/conda-forge/noarch/matplotlib-inline-0.1.7-pyhd8ed1ab_1.conda#af6ab708897df59bd6e7283ceab1b56b
https://conda.anaconda.org/conda-forge/noarch/ptyprocess-0.7.0-pyhd8ed1ab_1.conda#7d9daffbb8d8e0af0f769dbbcd173a54
https://conda.anaconda.org/conda-forge/noarch/pexpect-4.9.0-pyhd8ed1ab_1.conda#d0d408b1f18883a944376da5cf8101ea
https://conda.anaconda.org/conda-forge/noarch/pickleshare-0.7.5-pyhd8ed1ab_1004.conda#11a9d1d09a3615fc07c3faf79bc0b943
https://conda.anaconda.org/conda-forge/noarch/wcwidth-0.2.13-pyhd8ed1ab_1.conda#b68980f2495d096e71c7fd9d7ccf63e6
https://conda.anaconda.org/conda-forge/noarch/prompt-toolkit-3.0.51-pyha770c72_0.conda#d17ae9db4dc594267181bd199bf9a551
https://conda.anaconda.org/conda-forge/noarch/pygments-2.19.2-pyhd8ed1ab_0.conda#6b6ece66ebcae2d5f326c77ef2c5a066
https://conda.anaconda.org/conda-forge/noarch/pure_eval-0.2.3-pyhd8ed1ab_1.conda#3bfdfb8dbcdc4af1ae3f9a8eb3948f04
https://conda.anaconda.org/conda-forge/noarch/stack_data-0.6.3-pyhd8ed1ab_1.conda#b1b505328da7a6b246787df4b5a49fbc
https://conda.anaconda.org/conda-forge/noarch/ipython-8.18.1-pyh707e725_3.conda#15c6f45a45f7ac27f6d60b0b084f6761
https://conda.anaconda.org/conda-forge/linux-64/kiwisolver-1.4.7-py39h74842e3_0.conda#1bf77976372ff6de02af7b75cf034ce5
https://conda.anaconda.org/conda-forge/linux-64/libllvm20-20.1.8-hecd9e04_0.conda#59a7b967b6ef5d63029b1712f8dcf661
https://conda.anaconda.org/conda-forge/linux-64/libclang-cpp20.1-20.1.8-default_h99862b1_4.conda#2a7f3bca5b60a34be5a35cbc70711bce
https://conda.anaconda.org/conda-forge/linux-64/libllvm21-21.1.0-hecd9e04_0.conda#9ad637a7ac380c442be142dfb0b1b955
https://conda.anaconda.org/conda-forge/linux-64/libclang13-21.1.0-default_h746c552_1.conda#327c78a8ce710782425a89df851392f7
https://conda.anaconda.org/conda-forge/linux-64/libcups-2.3.3-hb8b1518_5.conda#d4a250da4737ee127fb1fa6452a9002e
https://conda.anaconda.org/conda-forge/linux-64/libndcurves-2.0.0-h178cb1c_5.conda#8106480bee5db5054c8660d957625355
https://conda.anaconda.org/conda-forge/linux-64/libopengl-1.7.0-ha4b6fd6_2.conda#7df50d44d4a14d6c31a2c54f2cd92157
https://conda.anaconda.org/conda-forge/linux-64/libopengl-devel-1.7.0-ha4b6fd6_2.conda#75b039b1e51525f4572f828be8441970
https://conda.anaconda.org/conda-forge/linux-64/openldap-2.6.10-he970967_0.conda#2e5bf4f1da39c0b32778561c3c4e5878
https://conda.anaconda.org/conda-forge/linux-64/libpq-17.7-h5c52fec_1.conda#a4769024afeab4b32ac8167c2f92c7ac
https://conda.anaconda.org/conda-forge/linux-64/libxslt-1.1.43-h7a3aeb2_0.conda#31059dc620fa57d787e3899ed0421e6d
https://conda.anaconda.org/conda-forge/linux-64/lxml-6.0.0-py39h3820f57_0.conda#9082787910b3ff92c3f91ec8e8a7cbc9
https://conda.anaconda.org/conda-forge/noarch/packaging-25.0-pyh29332c3_1.conda#58335b26c38bf4a20f399384c33cbcf9
https://conda.anaconda.org/conda-forge/noarch/pyparsing-3.2.3-pyhe01879c_2.conda#aa0028616c0750c773698fdc254b2b8d
https://conda.anaconda.org/conda-forge/noarch/six-1.17.0-pyhe01879c_1.conda#3339e3b65d58accf4ca4fb8748ab16b3
https://conda.anaconda.org/conda-forge/noarch/python-dateutil-2.9.0.post0-pyhe01879c_2.conda#5b8d21249ff20967101ffa321cab24e8
https://conda.anaconda.org/conda-forge/linux-64/matplotlib-base-3.9.4-py39h16632d1_0.conda#f149592d52f9c1ab1bfe3dc055458e13
https://conda.anaconda.org/conda-forge/linux-64/mysql-common-9.0.1-h266115a_6.conda#94116b69829e90b72d566e64421e1bff
https://conda.anaconda.org/conda-forge/linux-64/mysql-libs-9.0.1-he0572af_6.conda#9802ae6d20982f42c0f5d69008988763
https://conda.anaconda.org/conda-forge/linux-64/xcb-util-0.4.1-h4f16b4b_2.conda#fdc27cb255a7a2cc73b7919a968b48f0
https://conda.anaconda.org/conda-forge/linux-64/xcb-util-image-0.4.0-hb711507_2.conda#a0901183f08b6c7107aab109733a3c91
https://conda.anaconda.org/conda-forge/linux-64/xcb-util-renderutil-0.3.10-hb711507_0.conda#0e0cbe0564d03a99afd5fd7b362feecd
https://conda.anaconda.org/conda-forge/linux-64/xcb-util-cursor-0.1.6-hb03c661_0.conda#4d1fc190b99912ed557a8236e958c559
https://conda.anaconda.org/conda-forge/linux-64/xcb-util-keysyms-0.4.1-hb711507_0.conda#ad748ccca349aec3e91743e08b5e2b50
https://conda.anaconda.org/conda-forge/linux-64/xcb-util-wm-0.4.2-hb711507_0.conda#608e0ef8256b81d04456e8d211eee3e8
https://conda.anaconda.org/conda-forge/linux-64/xorg-libxcomposite-0.4.6-hb9d3cd8_2.conda#d3c295b50f092ab525ffe3c2aa4b7413
https://conda.anaconda.org/conda-forge/linux-64/xorg-libxdamage-1.1.6-hb9d3cd8_0.conda#b5fcc7172d22516e1f965490e65e33a4
https://conda.anaconda.org/conda-forge/linux-64/xorg-libxrandr-1.5.4-hb9d3cd8_0.conda#2de7f99d6581a4a7adbff607b5c278ca
https://conda.anaconda.org/conda-forge/linux-64/xorg-libxi-1.8.2-hb9d3cd8_0.conda#17dcc85db3c7886650b8908b183d6876
https://conda.anaconda.org/conda-forge/linux-64/xorg-libxtst-1.2.5-hb9d3cd8_3.conda#7bbe9a0cc0df0ac5f5a8ad6d6a11af2f
https://conda.anaconda.org/conda-forge/linux-64/xorg-libxxf86vm-1.1.6-hb9d3cd8_0.conda#5efa5fa6243a622445fdfd72aee15efa
https://conda.anaconda.org/conda-forge/linux-64/qt6-main-6.9.0-h6441bc3_0.conda#d3df16592e15a3f833cfc4d19ae58677
https://conda.anaconda.org/conda-forge/linux-64/pyside6-6.9.0-py39h0383914_0.conda#e56f5a92c54b787b9af33253e8fdce52
https://conda.anaconda.org/conda-forge/linux-64/tornado-6.5.2-py39hd399759_0.conda#9546db52eccafee2fa2675653fec04f9
https://conda.anaconda.org/conda-forge/linux-64/matplotlib-3.9.4-py39hf3d152e_0.conda#922f2edd2f9ff0a95c83eb781bacad5e
https://conda.anaconda.org/conda-forge/linux-64/ndcurves-python-2.0.0-py39hc4c131a_5.conda#d39cd0e355ce35b024aeaa2f47cbdf6b
https://conda.anaconda.org/conda-forge/linux-64/ndcurves-2.0.0-hf3d152e_5.conda#b83b49605a9ce60d45e22c30ed189d0f
https://conda.anaconda.org/conda-forge/noarch/networkx-3.2.1-pyhd8ed1ab_0.conda#425fce3b531bed6ec3c74fab3e5f0a1c
https://conda.anaconda.org/conda-forge/linux-64/qdldl-python-0.1.7.post5-np20py39he7af290_2.conda#aea2cba3b7d72fdac1269a2f010f7cbc
https://conda.anaconda.org/conda-forge/linux-64/osqp-0.6.3-py39h40cae4c_0.conda#8bf3c899d8e7bccf645bc160e903f71c
https://conda.anaconda.org/conda-forge/noarch/setuptools-80.9.0-pyhff2d567_0.conda#4de79c071274a53dcaf2a8c749d1499e
https://conda.anaconda.org/conda-forge/noarch/wheel-0.45.1-pyhd8ed1ab_1.conda#75cb7132eb58d97896e173ef12ac9986
https://conda.anaconda.org/conda-forge/noarch/pip-25.2-pyh8b19718_0.conda#dfce4b2af4bfe90cdcaf56ca0b28ddf5
https://conda.anaconda.org/conda-forge/linux-64/simde-0.8.2-h84d6215_0.conda#aa4dd437f90aa209a0309313af213964
https://conda.anaconda.org/conda-forge/linux-64/proxsuite-0.7.2-py39h74842e3_1.conda#47591df37c6c43e87bd3a60f061bfc70
https://conda.anaconda.org/conda-forge/noarch/pycollada-0.9.2-pyhd8ed1ab_0.conda#abf90cd2cdac17282454c77ec7f641ff
https://conda.anaconda.org/conda-forge/noarch/pyglet-2.1.8-pyhd8ed1ab_0.conda#199872d9d09e6be9c5ea3b5f312913d3
https://conda.anaconda.org/conda-forge/noarch/pyopengl-3.1.10-pyh0d859eb_1.conda#1796ff75420551b2213352b1320d1074
https://conda.anaconda.org/conda-forge/noarch/trimesh-4.7.4-pyh7b2049a_0.conda#3e6e59e7369dee74dac413c5418a200e
https://conda.anaconda.org/conda-forge/noarch/pyrender-0.1.45-pyh8a188c0_3.tar.bz2#54eeab066e4b838e18000382d59512f6
https://conda.anaconda.org/conda-forge/linux-64/pyyaml-6.0.2-py39h9399b63_2.conda#13fd88296a9f19f5e3ac0c69d4b64cc6
https://conda.anaconda.org/conda-forge/linux-64/scs-3.2.7.post2-default_py39h8e67e81_0.conda#597214cb100ee0c0bc3dae7f8d3f22c6
https://conda.anaconda.org/conda-forge/noarch/qpsolvers-4.8.1-pyhd8ed1ab_0.conda#60e999dbf652f06de7d323d85405cca8
https://conda.anaconda.org/conda-forge/noarch/tqdm-4.67.1-pyhd8ed1ab_1.conda#9efbfdc37242619130ea42b1cc4ed861
https://conda.anaconda.org/conda-forge/noarch/urdfpy-0.0.22-pyha21a80b_3.conda#110578facece5103a4b6039d5fdb437e
